
Microsoft Visual Studio Solution File, Format Version 12.00
# Visual Studio Version 16
VisualStudioVersion = 16.0.31205.134
MinimumVisualStudioVersion = 10.0.40219.1
Project("{9A19103F-16F7-4668-BE54-9A1E7A4F7556}") = "ThreegRPCApi", "ThreeGrpcApi\ThreegRPCApi.csproj", "{F77999C3-E957-408F-85B9-22341CD15CB5}"
EndProject
Project("{9A19103F-16F7-4668-BE54-9A1E7A4F7556}") = "ThreeBlazor", "ThreeBlazor\ThreeBlazor.csproj", "{2B0F0EE3-B869-45D0-878A-E493DE2E4D8C}"
	ProjectSection(ProjectDependencies) = postProject
		{F77999C3-E957-408F-85B9-22341CD15CB5} = {F77999C3-E957-408F-85B9-22341CD15CB5}
	EndProjectSection
EndProject
Global
	GlobalSection(SolutionConfigurationPlatforms) = preSolution
		Debug|Any CPU = Debug|Any CPU
		Release|Any CPU = Release|Any CPU
	EndGlobalSection
	GlobalSection(ProjectConfigurationPlatforms) = postSolution
		{F77999C3-E957-408F-85B9-22341CD15CB5}.Debug|Any CPU.ActiveCfg = Debug|Any CPU
		{F77999C3-E957-408F-85B9-22341CD15CB5}.Debug|Any CPU.Build.0 = Debug|Any CPU
		{F77999C3-E957-408F-85B9-22341CD15CB5}.Release|Any CPU.ActiveCfg = Release|Any CPU
		{F77999C3-E957-408F-85B9-22341CD15CB5}.Release|Any CPU.Build.0 = Release|Any CPU
		{2B0F0EE3-B869-45D0-878A-E493DE2E4D8C}.Debug|Any CPU.ActiveCfg = Debug|Any CPU
		{2B0F0EE3-B869-45D0-878A-E493DE2E4D8C}.Debug|Any CPU.Build.0 = Debug|Any CPU
		{2B0F0EE3-B869-45D0-878A-E493DE2E4D8C}.Release|Any CPU.ActiveCfg = Release|Any CPU
		{2B0F0EE3-B869-45D0-878A-E493DE2E4D8C}.Release|Any CPU.Build.0 = Release|Any CPU
	EndGlobalSection
	GlobalSection(SolutionProperties) = preSolution
		HideSolutionNode = FALSE
	EndGlobalSection
	GlobalSection(ExtensibilityGlobals) = postSolution
		SolutionGuid = {6C85D911-D54A-4BAE-A7A7-3B179DAB6831}
	EndGlobalSection
EndGlobal
